// !$*UTF8*$!
{
	archiveVersion = 1;
	classes = {
	};
	objectVersion = 56;
	objects = {

/* Begin PBXBuildFile section */
		00AD1B17ECA8FF660AB4732D /* Pods_abit_itmo.framework in Frameworks */ = {isa = PBXBuildFile; fileRef = 1FBDB5721120CB6C6F01310F /* Pods_abit_itmo.framework */; };
		113BBCEA2AB03BA500654BF8 /* AppDelegate.swift in Sources */ = {isa = PBXBuildFile; fileRef = 113BBCE92AB03BA500654BF8 /* AppDelegate.swift */; };
		113BBCEC2AB03BA500654BF8 /* SceneDelegate.swift in Sources */ = {isa = PBXBuildFile; fileRef = 113BBCEB2AB03BA500654BF8 /* SceneDelegate.swift */; };
		113BBCF32AB03BAA00654BF8 /* Assets.xcassets in Resources */ = {isa = PBXBuildFile; fileRef = 113BBCF22AB03BAA00654BF8 /* Assets.xcassets */; };
		113BBCF62AB03BAA00654BF8 /* LaunchScreen.storyboard in Resources */ = {isa = PBXBuildFile; fileRef = 113BBCF42AB03BAA00654BF8 /* LaunchScreen.storyboard */; };
		113BBD442AB0536A00654BF8 /* AppInitializer.swift in Sources */ = {isa = PBXBuildFile; fileRef = 113BBD432AB0536A00654BF8 /* AppInitializer.swift */; };
		113BBD462AB0537F00654BF8 /* GlobalRouter.swift in Sources */ = {isa = PBXBuildFile; fileRef = 113BBD452AB0537F00654BF8 /* GlobalRouter.swift */; };
		113BBD492AB053BD00654BF8 /* NavigationController.swift in Sources */ = {isa = PBXBuildFile; fileRef = 113BBD482AB053BD00654BF8 /* NavigationController.swift */; };
		113BBD4C2AB053E800654BF8 /* CALayer+extension.swift in Sources */ = {isa = PBXBuildFile; fileRef = 113BBD4B2AB053E800654BF8 /* CALayer+extension.swift */; };
		113BBD4E2AB0543F00654BF8 /* UIWindow+extensions.swift in Sources */ = {isa = PBXBuildFile; fileRef = 113BBD4D2AB0543F00654BF8 /* UIWindow+extensions.swift */; };
		113BBD552AB0552300654BF8 /* AuthFactory.swift in Sources */ = {isa = PBXBuildFile; fileRef = 113BBD542AB0552300654BF8 /* AuthFactory.swift */; };
		113BBD572AB0555900654BF8 /* AuthViewController.swift in Sources */ = {isa = PBXBuildFile; fileRef = 113BBD562AB0555900654BF8 /* AuthViewController.swift */; };
		113BBD592AB0567100654BF8 /* AuthViewModel.swift in Sources */ = {isa = PBXBuildFile; fileRef = 113BBD582AB0567100654BF8 /* AuthViewModel.swift */; };
		113BBD5C2AB0BF1600654BF8 /* TabBarObject.swift in Sources */ = {isa = PBXBuildFile; fileRef = 113BBD5B2AB0BF1600654BF8 /* TabBarObject.swift */; };
		113BBD5E2AB0BFE500654BF8 /* TabBarController.swift in Sources */ = {isa = PBXBuildFile; fileRef = 113BBD5D2AB0BFE500654BF8 /* TabBarController.swift */; };
		113BBD6A2AB0C23A00654BF8 /* DashboardFactory.swift in Sources */ = {isa = PBXBuildFile; fileRef = 113BBD642AB0C23900654BF8 /* DashboardFactory.swift */; };
		113BBD6B2AB0C23A00654BF8 /* DashboardViewModel.swift in Sources */ = {isa = PBXBuildFile; fileRef = 113BBD662AB0C23900654BF8 /* DashboardViewModel.swift */; };
		113BBD6C2AB0C23A00654BF8 /* DashboardViewController.swift in Sources */ = {isa = PBXBuildFile; fileRef = 113BBD682AB0C23900654BF8 /* DashboardViewController.swift */; };
		113BBD742AB0C24500654BF8 /* ListFactory.swift in Sources */ = {isa = PBXBuildFile; fileRef = 113BBD6F2AB0C24500654BF8 /* ListFactory.swift */; };
		113BBD752AB0C24500654BF8 /* ListViewModel.swift in Sources */ = {isa = PBXBuildFile; fileRef = 113BBD712AB0C24500654BF8 /* ListViewModel.swift */; };
		113BBD762AB0C24500654BF8 /* ListViewController.swift in Sources */ = {isa = PBXBuildFile; fileRef = 113BBD732AB0C24500654BF8 /* ListViewController.swift */; };
		113BBD7E2AB0C24D00654BF8 /* ProfileFactory.swift in Sources */ = {isa = PBXBuildFile; fileRef = 113BBD782AB0C24D00654BF8 /* ProfileFactory.swift */; };
		113BBD7F2AB0C24D00654BF8 /* ProfileViewController.swift in Sources */ = {isa = PBXBuildFile; fileRef = 113BBD7A2AB0C24D00654BF8 /* ProfileViewController.swift */; };
		113BBD802AB0C24D00654BF8 /* ProfileViewModel.swift in Sources */ = {isa = PBXBuildFile; fileRef = 113BBD7D2AB0C24D00654BF8 /* ProfileViewModel.swift */; };
		1160E6022AB82FE80037634F /* QuestionnaireCellStatus.swift in Sources */ = {isa = PBXBuildFile; fileRef = 1160E6012AB82FE80037634F /* QuestionnaireCellStatus.swift */; };
		1160E6062AB9FD960037634F /* ProfileTableViewCellType.swift in Sources */ = {isa = PBXBuildFile; fileRef = 1160E6052AB9FD960037634F /* ProfileTableViewCellType.swift */; };
		1160E6092ABA00F60037634F /* ProfileTableCell.swift in Sources */ = {isa = PBXBuildFile; fileRef = 1160E6082ABA00F60037634F /* ProfileTableCell.swift */; };
		1160E6142ABA0A920037634F /* ProgramFactory.swift in Sources */ = {isa = PBXBuildFile; fileRef = 1160E60E2ABA0A920037634F /* ProgramFactory.swift */; };
		1160E6152ABA0A920037634F /* ProgramViewController.swift in Sources */ = {isa = PBXBuildFile; fileRef = 1160E6102ABA0A920037634F /* ProgramViewController.swift */; };
		1160E6162ABA0A920037634F /* ProgramViewModel.swift in Sources */ = {isa = PBXBuildFile; fileRef = 1160E6132ABA0A920037634F /* ProgramViewModel.swift */; };
		1160E6182ABA0B7D0037634F /* UIViewController+transitionHandler.swift in Sources */ = {isa = PBXBuildFile; fileRef = 1160E6172ABA0B7D0037634F /* UIViewController+transitionHandler.swift */; };
		116B773B2AB2BCC0004A833D /* Colors.swift in Sources */ = {isa = PBXBuildFile; fileRef = 116B773A2AB2BCC0004A833D /* Colors.swift */; };
		11C200372ABB606300B7A0C9 /* SegmentCell.swift in Sources */ = {isa = PBXBuildFile; fileRef = 11C200362ABB606300B7A0C9 /* SegmentCell.swift */; };
		11C200392ABB613200B7A0C9 /* SegmentCellModelModel.swift in Sources */ = {isa = PBXBuildFile; fileRef = 11C200382ABB613200B7A0C9 /* SegmentCellModelModel.swift */; };
		11C2003B2ABB623D00B7A0C9 /* SectionLayoutable.swift in Sources */ = {isa = PBXBuildFile; fileRef = 11C2003A2ABB623D00B7A0C9 /* SectionLayoutable.swift */; };
		11C2003E2ABB62CC00B7A0C9 /* OneItemInSectionLayout.swift in Sources */ = {isa = PBXBuildFile; fileRef = 11C2003D2ABB62CC00B7A0C9 /* OneItemInSectionLayout.swift */; };
		11C200402ABB632400B7A0C9 /* ProgramSectionModel.swift in Sources */ = {isa = PBXBuildFile; fileRef = 11C2003F2ABB632400B7A0C9 /* ProgramSectionModel.swift */; };
		11C200422ABB6CB500B7A0C9 /* DescriptionCell.swift in Sources */ = {isa = PBXBuildFile; fileRef = 11C200412ABB6CB500B7A0C9 /* DescriptionCell.swift */; };
		11C200442ABB727800B7A0C9 /* MyProgramCell.swift in Sources */ = {isa = PBXBuildFile; fileRef = 11C200432ABB727800B7A0C9 /* MyProgramCell.swift */; };
		11C200462ABB76DA00B7A0C9 /* MyProgrammCellModel.swift in Sources */ = {isa = PBXBuildFile; fileRef = 11C200452ABB76DA00B7A0C9 /* MyProgrammCellModel.swift */; };
		11C200482ABB7A2700B7A0C9 /* AllProgramCell.swift in Sources */ = {isa = PBXBuildFile; fileRef = 11C200472ABB7A2700B7A0C9 /* AllProgramCell.swift */; };
		11C2004A2ABB7B0100B7A0C9 /* SubprogramView.swift in Sources */ = {isa = PBXBuildFile; fileRef = 11C200492ABB7B0100B7A0C9 /* SubprogramView.swift */; };
		11C2004C2ABB7DE000B7A0C9 /* SubprogramViewModel.swift in Sources */ = {isa = PBXBuildFile; fileRef = 11C2004B2ABB7DE000B7A0C9 /* SubprogramViewModel.swift */; };
		11C2004E2ABB7F1600B7A0C9 /* AllProgramCellModel.swift in Sources */ = {isa = PBXBuildFile; fileRef = 11C2004D2ABB7F1600B7A0C9 /* AllProgramCellModel.swift */; };
		11CFABEA2AB58C15009E1716 /* CustomTextField.swift in Sources */ = {isa = PBXBuildFile; fileRef = 11CFABE92AB58C15009E1716 /* CustomTextField.swift */; };
		11CFABEC2AB5960A009E1716 /* CustomTextFieldView.swift in Sources */ = {isa = PBXBuildFile; fileRef = 11CFABEB2AB5960A009E1716 /* CustomTextFieldView.swift */; };
		11CFABEF2AB596B4009E1716 /* AppConstants.swift in Sources */ = {isa = PBXBuildFile; fileRef = 11CFABEE2AB596B4009E1716 /* AppConstants.swift */; };
		11CFABF12AB59DA9009E1716 /* UITextField+extension.swift in Sources */ = {isa = PBXBuildFile; fileRef = 11CFABF02AB59DA9009E1716 /* UITextField+extension.swift */; };
		11CFABF32AB5A47B009E1716 /* String+extension.swift in Sources */ = {isa = PBXBuildFile; fileRef = 11CFABF22AB5A47B009E1716 /* String+extension.swift */; };
		11CFABF52AB753F6009E1716 /* UIColor+extension.swift in Sources */ = {isa = PBXBuildFile; fileRef = 11CFABF42AB753F6009E1716 /* UIColor+extension.swift */; };
		11CFABF92AB759E9009E1716 /* DashboardTableViewCellType.swift in Sources */ = {isa = PBXBuildFile; fileRef = 11CFABF82AB759E9009E1716 /* DashboardTableViewCellType.swift */; };
		11CFABFC2AB75B81009E1716 /* EducationalProgrammsCell.swift in Sources */ = {isa = PBXBuildFile; fileRef = 11CFABFB2AB75B81009E1716 /* EducationalProgrammsCell.swift */; };
		11CFABFE2AB75B9F009E1716 /* QuestionnaireCell.swift in Sources */ = {isa = PBXBuildFile; fileRef = 11CFABFD2AB75B9F009E1716 /* QuestionnaireCell.swift */; };
		11CFAC002AB76355009E1716 /* UIImage+extension.swift in Sources */ = {isa = PBXBuildFile; fileRef = 11CFABFF2AB76355009E1716 /* UIImage+extension.swift */; };
/* End PBXBuildFile section */

/* Begin PBXFileReference section */
		113BBCE62AB03BA500654BF8 /* abit.itmo.app */ = {isa = PBXFileReference; explicitFileType = wrapper.application; includeInIndex = 0; path = abit.itmo.app; sourceTree = BUILT_PRODUCTS_DIR; };
		113BBCE92AB03BA500654BF8 /* AppDelegate.swift */ = {isa = PBXFileReference; lastKnownFileType = sourcecode.swift; path = AppDelegate.swift; sourceTree = "<group>"; };
		113BBCEB2AB03BA500654BF8 /* SceneDelegate.swift */ = {isa = PBXFileReference; lastKnownFileType = sourcecode.swift; path = SceneDelegate.swift; sourceTree = "<group>"; };
		113BBCF22AB03BAA00654BF8 /* Assets.xcassets */ = {isa = PBXFileReference; lastKnownFileType = folder.assetcatalog; path = Assets.xcassets; sourceTree = "<group>"; };
		113BBCF52AB03BAA00654BF8 /* Base */ = {isa = PBXFileReference; lastKnownFileType = file.storyboard; name = Base; path = Base.lproj/LaunchScreen.storyboard; sourceTree = "<group>"; };
		113BBCF72AB03BAA00654BF8 /* Info.plist */ = {isa = PBXFileReference; lastKnownFileType = text.plist.xml; path = Info.plist; sourceTree = "<group>"; };
		113BBD432AB0536A00654BF8 /* AppInitializer.swift */ = {isa = PBXFileReference; lastKnownFileType = sourcecode.swift; path = AppInitializer.swift; sourceTree = "<group>"; };
		113BBD452AB0537F00654BF8 /* GlobalRouter.swift */ = {isa = PBXFileReference; lastKnownFileType = sourcecode.swift; path = GlobalRouter.swift; sourceTree = "<group>"; };
		113BBD482AB053BD00654BF8 /* NavigationController.swift */ = {isa = PBXFileReference; lastKnownFileType = sourcecode.swift; path = NavigationController.swift; sourceTree = "<group>"; };
		113BBD4B2AB053E800654BF8 /* CALayer+extension.swift */ = {isa = PBXFileReference; lastKnownFileType = sourcecode.swift; path = "CALayer+extension.swift"; sourceTree = "<group>"; };
		113BBD4D2AB0543F00654BF8 /* UIWindow+extensions.swift */ = {isa = PBXFileReference; lastKnownFileType = sourcecode.swift; path = "UIWindow+extensions.swift"; sourceTree = "<group>"; };
		113BBD542AB0552300654BF8 /* AuthFactory.swift */ = {isa = PBXFileReference; lastKnownFileType = sourcecode.swift; path = AuthFactory.swift; sourceTree = "<group>"; };
		113BBD562AB0555900654BF8 /* AuthViewController.swift */ = {isa = PBXFileReference; lastKnownFileType = sourcecode.swift; path = AuthViewController.swift; sourceTree = "<group>"; };
		113BBD582AB0567100654BF8 /* AuthViewModel.swift */ = {isa = PBXFileReference; lastKnownFileType = sourcecode.swift; path = AuthViewModel.swift; sourceTree = "<group>"; };
		113BBD5B2AB0BF1600654BF8 /* TabBarObject.swift */ = {isa = PBXFileReference; lastKnownFileType = sourcecode.swift; path = TabBarObject.swift; sourceTree = "<group>"; };
		113BBD5D2AB0BFE500654BF8 /* TabBarController.swift */ = {isa = PBXFileReference; lastKnownFileType = sourcecode.swift; path = TabBarController.swift; sourceTree = "<group>"; };
		113BBD642AB0C23900654BF8 /* DashboardFactory.swift */ = {isa = PBXFileReference; fileEncoding = 4; lastKnownFileType = sourcecode.swift; path = DashboardFactory.swift; sourceTree = "<group>"; };
		113BBD662AB0C23900654BF8 /* DashboardViewModel.swift */ = {isa = PBXFileReference; fileEncoding = 4; lastKnownFileType = sourcecode.swift; path = DashboardViewModel.swift; sourceTree = "<group>"; };
		113BBD682AB0C23900654BF8 /* DashboardViewController.swift */ = {isa = PBXFileReference; fileEncoding = 4; lastKnownFileType = sourcecode.swift; path = DashboardViewController.swift; sourceTree = "<group>"; };
		113BBD6F2AB0C24500654BF8 /* ListFactory.swift */ = {isa = PBXFileReference; fileEncoding = 4; lastKnownFileType = sourcecode.swift; path = ListFactory.swift; sourceTree = "<group>"; };
		113BBD712AB0C24500654BF8 /* ListViewModel.swift */ = {isa = PBXFileReference; fileEncoding = 4; lastKnownFileType = sourcecode.swift; path = ListViewModel.swift; sourceTree = "<group>"; };
		113BBD732AB0C24500654BF8 /* ListViewController.swift */ = {isa = PBXFileReference; fileEncoding = 4; lastKnownFileType = sourcecode.swift; path = ListViewController.swift; sourceTree = "<group>"; };
		113BBD782AB0C24D00654BF8 /* ProfileFactory.swift */ = {isa = PBXFileReference; fileEncoding = 4; lastKnownFileType = sourcecode.swift; path = ProfileFactory.swift; sourceTree = "<group>"; };
		113BBD7A2AB0C24D00654BF8 /* ProfileViewController.swift */ = {isa = PBXFileReference; fileEncoding = 4; lastKnownFileType = sourcecode.swift; path = ProfileViewController.swift; sourceTree = "<group>"; };
		113BBD7D2AB0C24D00654BF8 /* ProfileViewModel.swift */ = {isa = PBXFileReference; fileEncoding = 4; lastKnownFileType = sourcecode.swift; path = ProfileViewModel.swift; sourceTree = "<group>"; };
		1160E6012AB82FE80037634F /* QuestionnaireCellStatus.swift */ = {isa = PBXFileReference; lastKnownFileType = sourcecode.swift; path = QuestionnaireCellStatus.swift; sourceTree = "<group>"; };
		1160E6052AB9FD960037634F /* ProfileTableViewCellType.swift */ = {isa = PBXFileReference; lastKnownFileType = sourcecode.swift; path = ProfileTableViewCellType.swift; sourceTree = "<group>"; };
		1160E6082ABA00F60037634F /* ProfileTableCell.swift */ = {isa = PBXFileReference; lastKnownFileType = sourcecode.swift; path = ProfileTableCell.swift; sourceTree = "<group>"; };
		1160E60E2ABA0A920037634F /* ProgramFactory.swift */ = {isa = PBXFileReference; fileEncoding = 4; lastKnownFileType = sourcecode.swift; path = ProgramFactory.swift; sourceTree = "<group>"; };
		1160E6102ABA0A920037634F /* ProgramViewController.swift */ = {isa = PBXFileReference; fileEncoding = 4; lastKnownFileType = sourcecode.swift; path = ProgramViewController.swift; sourceTree = "<group>"; };
		1160E6132ABA0A920037634F /* ProgramViewModel.swift */ = {isa = PBXFileReference; fileEncoding = 4; lastKnownFileType = sourcecode.swift; path = ProgramViewModel.swift; sourceTree = "<group>"; };
		1160E6172ABA0B7D0037634F /* UIViewController+transitionHandler.swift */ = {isa = PBXFileReference; lastKnownFileType = sourcecode.swift; path = "UIViewController+transitionHandler.swift"; sourceTree = "<group>"; };
		116B773A2AB2BCC0004A833D /* Colors.swift */ = {isa = PBXFileReference; lastKnownFileType = sourcecode.swift; path = Colors.swift; sourceTree = "<group>"; };
		11C200362ABB606300B7A0C9 /* SegmentCell.swift */ = {isa = PBXFileReference; lastKnownFileType = sourcecode.swift; path = SegmentCell.swift; sourceTree = "<group>"; };
		11C200382ABB613200B7A0C9 /* SegmentCellModelModel.swift */ = {isa = PBXFileReference; lastKnownFileType = sourcecode.swift; path = SegmentCellModelModel.swift; sourceTree = "<group>"; };
		11C2003A2ABB623D00B7A0C9 /* SectionLayoutable.swift */ = {isa = PBXFileReference; lastKnownFileType = sourcecode.swift; path = SectionLayoutable.swift; sourceTree = "<group>"; };
		11C2003D2ABB62CC00B7A0C9 /* OneItemInSectionLayout.swift */ = {isa = PBXFileReference; lastKnownFileType = sourcecode.swift; path = OneItemInSectionLayout.swift; sourceTree = "<group>"; };
		11C2003F2ABB632400B7A0C9 /* ProgramSectionModel.swift */ = {isa = PBXFileReference; lastKnownFileType = sourcecode.swift; path = ProgramSectionModel.swift; sourceTree = "<group>"; };
		11C200412ABB6CB500B7A0C9 /* DescriptionCell.swift */ = {isa = PBXFileReference; lastKnownFileType = sourcecode.swift; path = DescriptionCell.swift; sourceTree = "<group>"; };
		11C200432ABB727800B7A0C9 /* MyProgramCell.swift */ = {isa = PBXFileReference; lastKnownFileType = sourcecode.swift; path = MyProgramCell.swift; sourceTree = "<group>"; };
		11C200452ABB76DA00B7A0C9 /* MyProgrammCellModel.swift */ = {isa = PBXFileReference; lastKnownFileType = sourcecode.swift; path = MyProgrammCellModel.swift; sourceTree = "<group>"; };
		11C200472ABB7A2700B7A0C9 /* AllProgramCell.swift */ = {isa = PBXFileReference; lastKnownFileType = sourcecode.swift; path = AllProgramCell.swift; sourceTree = "<group>"; };
		11C200492ABB7B0100B7A0C9 /* SubprogramView.swift */ = {isa = PBXFileReference; lastKnownFileType = sourcecode.swift; path = SubprogramView.swift; sourceTree = "<group>"; };
		11C2004B2ABB7DE000B7A0C9 /* SubprogramViewModel.swift */ = {isa = PBXFileReference; lastKnownFileType = sourcecode.swift; path = SubprogramViewModel.swift; sourceTree = "<group>"; };
		11C2004D2ABB7F1600B7A0C9 /* AllProgramCellModel.swift */ = {isa = PBXFileReference; lastKnownFileType = sourcecode.swift; path = AllProgramCellModel.swift; sourceTree = "<group>"; };
		11CFABE92AB58C15009E1716 /* CustomTextField.swift */ = {isa = PBXFileReference; lastKnownFileType = sourcecode.swift; path = CustomTextField.swift; sourceTree = "<group>"; };
		11CFABEB2AB5960A009E1716 /* CustomTextFieldView.swift */ = {isa = PBXFileReference; lastKnownFileType = sourcecode.swift; path = CustomTextFieldView.swift; sourceTree = "<group>"; };
		11CFABEE2AB596B4009E1716 /* AppConstants.swift */ = {isa = PBXFileReference; lastKnownFileType = sourcecode.swift; path = AppConstants.swift; sourceTree = "<group>"; };
		11CFABF02AB59DA9009E1716 /* UITextField+extension.swift */ = {isa = PBXFileReference; lastKnownFileType = sourcecode.swift; path = "UITextField+extension.swift"; sourceTree = "<group>"; };
		11CFABF22AB5A47B009E1716 /* String+extension.swift */ = {isa = PBXFileReference; lastKnownFileType = sourcecode.swift; path = "String+extension.swift"; sourceTree = "<group>"; };
		11CFABF42AB753F6009E1716 /* UIColor+extension.swift */ = {isa = PBXFileReference; lastKnownFileType = sourcecode.swift; path = "UIColor+extension.swift"; sourceTree = "<group>"; };
		11CFABF82AB759E9009E1716 /* DashboardTableViewCellType.swift */ = {isa = PBXFileReference; lastKnownFileType = sourcecode.swift; path = DashboardTableViewCellType.swift; sourceTree = "<group>"; };
		11CFABFB2AB75B81009E1716 /* EducationalProgrammsCell.swift */ = {isa = PBXFileReference; lastKnownFileType = sourcecode.swift; path = EducationalProgrammsCell.swift; sourceTree = "<group>"; };
		11CFABFD2AB75B9F009E1716 /* QuestionnaireCell.swift */ = {isa = PBXFileReference; lastKnownFileType = sourcecode.swift; path = QuestionnaireCell.swift; sourceTree = "<group>"; };
		11CFABFF2AB76355009E1716 /* UIImage+extension.swift */ = {isa = PBXFileReference; lastKnownFileType = sourcecode.swift; path = "UIImage+extension.swift"; sourceTree = "<group>"; };
		1FBDB5721120CB6C6F01310F /* Pods_abit_itmo.framework */ = {isa = PBXFileReference; explicitFileType = wrapper.framework; includeInIndex = 0; path = Pods_abit_itmo.framework; sourceTree = BUILT_PRODUCTS_DIR; };
		88B72D91019E1A5BE32AC4C0 /* Pods-abit.itmo.debug.xcconfig */ = {isa = PBXFileReference; includeInIndex = 1; lastKnownFileType = text.xcconfig; name = "Pods-abit.itmo.debug.xcconfig"; path = "Target Support Files/Pods-abit.itmo/Pods-abit.itmo.debug.xcconfig"; sourceTree = "<group>"; };
		F5B3B30E5726784B827FFDD2 /* Pods-abit.itmo.release.xcconfig */ = {isa = PBXFileReference; includeInIndex = 1; lastKnownFileType = text.xcconfig; name = "Pods-abit.itmo.release.xcconfig"; path = "Target Support Files/Pods-abit.itmo/Pods-abit.itmo.release.xcconfig"; sourceTree = "<group>"; };
/* End PBXFileReference section */

/* Begin PBXFrameworksBuildPhase section */
		113BBCE32AB03BA500654BF8 /* Frameworks */ = {
			isa = PBXFrameworksBuildPhase;
			buildActionMask = 2147483647;
			files = (
				00AD1B17ECA8FF660AB4732D /* Pods_abit_itmo.framework in Frameworks */,
			);
			runOnlyForDeploymentPostprocessing = 0;
		};
/* End PBXFrameworksBuildPhase section */

/* Begin PBXGroup section */
		016DAAC7FCEB0A2F89244001 /* Frameworks */ = {
			isa = PBXGroup;
			children = (
				1FBDB5721120CB6C6F01310F /* Pods_abit_itmo.framework */,
			);
			name = Frameworks;
			sourceTree = "<group>";
		};
		113BBCDD2AB03BA500654BF8 = {
			isa = PBXGroup;
			children = (
				113BBCE82AB03BA500654BF8 /* abit.itmo */,
				113BBCE72AB03BA500654BF8 /* Products */,
				608AA0B7FD648475D9893630 /* Pods */,
				016DAAC7FCEB0A2F89244001 /* Frameworks */,
			);
			sourceTree = "<group>";
		};
		113BBCE72AB03BA500654BF8 /* Products */ = {
			isa = PBXGroup;
			children = (
				113BBCE62AB03BA500654BF8 /* abit.itmo.app */,
			);
			name = Products;
			sourceTree = "<group>";
		};
		113BBCE82AB03BA500654BF8 /* abit.itmo */ = {
			isa = PBXGroup;
			children = (
				113BBCFE2AB03EBF00654BF8 /* AppLayer */,
				113BBCFF2AB03EC700654BF8 /* ServiceLayer */,
				113BBCFD2AB03CB500654BF8 /* Supporting+files */,
			);
			path = abit.itmo;
			sourceTree = "<group>";
		};
		113BBCFD2AB03CB500654BF8 /* Supporting+files */ = {
			isa = PBXGroup;
			children = (
				113BBCE92AB03BA500654BF8 /* AppDelegate.swift */,
				113BBCEB2AB03BA500654BF8 /* SceneDelegate.swift */,
				113BBCF42AB03BAA00654BF8 /* LaunchScreen.storyboard */,
				113BBCF72AB03BAA00654BF8 /* Info.plist */,
				113BBCF22AB03BAA00654BF8 /* Assets.xcassets */,
				116B773A2AB2BCC0004A833D /* Colors.swift */,
			);
			path = "Supporting+files";
			sourceTree = "<group>";
		};
		113BBCFE2AB03EBF00654BF8 /* AppLayer */ = {
			isa = PBXGroup;
			children = (
				11C2003C2ABB629F00B7A0C9 /* Layouts */,
				113BBD4A2AB053D300654BF8 /* Extension */,
				11CFABED2AB59695009E1716 /* Helpers */,
				11CFABE82AB58C01009E1716 /* View */,
				113BBD052AB0402300654BF8 /* Module */,
			);
			path = AppLayer;
			sourceTree = "<group>";
		};
		113BBCFF2AB03EC700654BF8 /* ServiceLayer */ = {
			isa = PBXGroup;
			children = (
				113BBD432AB0536A00654BF8 /* AppInitializer.swift */,
				113BBD452AB0537F00654BF8 /* GlobalRouter.swift */,
			);
			path = ServiceLayer;
			sourceTree = "<group>";
		};
		113BBD052AB0402300654BF8 /* Module */ = {
			isa = PBXGroup;
			children = (
				1160E60C2ABA0A7E0037634F /* Program */,
				113BBD4F2AB0545800654BF8 /* Auth */,
				113BBD612AB0C11F00654BF8 /* Dashboard */,
				113BBD602AB0C11300654BF8 /* List */,
				113BBD5F2AB0C0BB00654BF8 /* Profile */,
				113BBD472AB053A200654BF8 /* NavigationController */,
				113BBD5A2AB0BEC300654BF8 /* TabBarController */,
			);
			path = Module;
			sourceTree = "<group>";
		};
		113BBD472AB053A200654BF8 /* NavigationController */ = {
			isa = PBXGroup;
			children = (
				113BBD482AB053BD00654BF8 /* NavigationController.swift */,
			);
			path = NavigationController;
			sourceTree = "<group>";
		};
		113BBD4A2AB053D300654BF8 /* Extension */ = {
			isa = PBXGroup;
			children = (
				113BBD4B2AB053E800654BF8 /* CALayer+extension.swift */,
				113BBD4D2AB0543F00654BF8 /* UIWindow+extensions.swift */,
				11CFABF02AB59DA9009E1716 /* UITextField+extension.swift */,
				11CFABF22AB5A47B009E1716 /* String+extension.swift */,
				11CFABF42AB753F6009E1716 /* UIColor+extension.swift */,
				11CFABFF2AB76355009E1716 /* UIImage+extension.swift */,
				1160E6172ABA0B7D0037634F /* UIViewController+transitionHandler.swift */,
			);
			path = Extension;
			sourceTree = "<group>";
		};
		113BBD4F2AB0545800654BF8 /* Auth */ = {
			isa = PBXGroup;
			children = (
				113BBD532AB054B200654BF8 /* Factory */,
				113BBD522AB0547400654BF8 /* Model */,
				113BBD512AB0546600654BF8 /* View */,
				113BBD502AB0545E00654BF8 /* ViewModel */,
			);
			path = Auth;
			sourceTree = "<group>";
		};
		113BBD502AB0545E00654BF8 /* ViewModel */ = {
			isa = PBXGroup;
			children = (
				113BBD582AB0567100654BF8 /* AuthViewModel.swift */,
			);
			path = ViewModel;
			sourceTree = "<group>";
		};
		113BBD512AB0546600654BF8 /* View */ = {
			isa = PBXGroup;
			children = (
				113BBD562AB0555900654BF8 /* AuthViewController.swift */,
			);
			path = View;
			sourceTree = "<group>";
		};
		113BBD522AB0547400654BF8 /* Model */ = {
			isa = PBXGroup;
			children = (
			);
			path = Model;
			sourceTree = "<group>";
		};
		113BBD532AB054B200654BF8 /* Factory */ = {
			isa = PBXGroup;
			children = (
				113BBD542AB0552300654BF8 /* AuthFactory.swift */,
			);
			path = Factory;
			sourceTree = "<group>";
		};
		113BBD5A2AB0BEC300654BF8 /* TabBarController */ = {
			isa = PBXGroup;
			children = (
				113BBD5B2AB0BF1600654BF8 /* TabBarObject.swift */,
				113BBD5D2AB0BFE500654BF8 /* TabBarController.swift */,
			);
			path = TabBarController;
			sourceTree = "<group>";
		};
		113BBD5F2AB0C0BB00654BF8 /* Profile */ = {
			isa = PBXGroup;
			children = (
				113BBD772AB0C24D00654BF8 /* Factory */,
				113BBD7B2AB0C24D00654BF8 /* Model */,
				113BBD792AB0C24D00654BF8 /* View */,
				113BBD7C2AB0C24D00654BF8 /* ViewModel */,
			);
			path = Profile;
			sourceTree = "<group>";
		};
		113BBD602AB0C11300654BF8 /* List */ = {
			isa = PBXGroup;
			children = (
				113BBD6E2AB0C24500654BF8 /* Factory */,
				113BBD6D2AB0C24500654BF8 /* Model */,
				113BBD722AB0C24500654BF8 /* View */,
				113BBD702AB0C24500654BF8 /* ViewModel */,
			);
			path = List;
			sourceTree = "<group>";
		};
		113BBD612AB0C11F00654BF8 /* Dashboard */ = {
			isa = PBXGroup;
			children = (
				113BBD632AB0C23900654BF8 /* Factory */,
				113BBD692AB0C23900654BF8 /* Model */,
				113BBD672AB0C23900654BF8 /* View */,
				113BBD652AB0C23900654BF8 /* ViewModel */,
			);
			path = Dashboard;
			sourceTree = "<group>";
		};
		113BBD632AB0C23900654BF8 /* Factory */ = {
			isa = PBXGroup;
			children = (
				113BBD642AB0C23900654BF8 /* DashboardFactory.swift */,
			);
			path = Factory;
			sourceTree = "<group>";
		};
		113BBD652AB0C23900654BF8 /* ViewModel */ = {
			isa = PBXGroup;
			children = (
				113BBD662AB0C23900654BF8 /* DashboardViewModel.swift */,
			);
			path = ViewModel;
			sourceTree = "<group>";
		};
		113BBD672AB0C23900654BF8 /* View */ = {
			isa = PBXGroup;
			children = (
				11CFABFA2AB75B64009E1716 /* Subviews */,
				113BBD682AB0C23900654BF8 /* DashboardViewController.swift */,
			);
			path = View;
			sourceTree = "<group>";
		};
		113BBD692AB0C23900654BF8 /* Model */ = {
			isa = PBXGroup;
			children = (
				11CFABF82AB759E9009E1716 /* DashboardTableViewCellType.swift */,
			);
			path = Model;
			sourceTree = "<group>";
		};
		113BBD6D2AB0C24500654BF8 /* Model */ = {
			isa = PBXGroup;
			children = (
			);
			path = Model;
			sourceTree = "<group>";
		};
		113BBD6E2AB0C24500654BF8 /* Factory */ = {
			isa = PBXGroup;
			children = (
				113BBD6F2AB0C24500654BF8 /* ListFactory.swift */,
			);
			path = Factory;
			sourceTree = "<group>";
		};
		113BBD702AB0C24500654BF8 /* ViewModel */ = {
			isa = PBXGroup;
			children = (
				113BBD712AB0C24500654BF8 /* ListViewModel.swift */,
			);
			path = ViewModel;
			sourceTree = "<group>";
		};
		113BBD722AB0C24500654BF8 /* View */ = {
			isa = PBXGroup;
			children = (
				113BBD732AB0C24500654BF8 /* ListViewController.swift */,
			);
			path = View;
			sourceTree = "<group>";
		};
		113BBD772AB0C24D00654BF8 /* Factory */ = {
			isa = PBXGroup;
			children = (
				113BBD782AB0C24D00654BF8 /* ProfileFactory.swift */,
			);
			path = Factory;
			sourceTree = "<group>";
		};
		113BBD792AB0C24D00654BF8 /* View */ = {
			isa = PBXGroup;
			children = (
				1160E6072ABA00DB0037634F /* Subviews */,
				113BBD7A2AB0C24D00654BF8 /* ProfileViewController.swift */,
			);
			path = View;
			sourceTree = "<group>";
		};
		113BBD7B2AB0C24D00654BF8 /* Model */ = {
			isa = PBXGroup;
			children = (
				1160E6052AB9FD960037634F /* ProfileTableViewCellType.swift */,
			);
			path = Model;
			sourceTree = "<group>";
		};
		113BBD7C2AB0C24D00654BF8 /* ViewModel */ = {
			isa = PBXGroup;
			children = (
				113BBD7D2AB0C24D00654BF8 /* ProfileViewModel.swift */,
			);
			path = ViewModel;
			sourceTree = "<group>";
		};
		1160E6032AB9FCA10037634F /* TableCell */ = {
			isa = PBXGroup;
			children = (
				1160E6042AB9FCBF0037634F /* QuestionnaireCell */,
			);
			path = TableCell;
			sourceTree = "<group>";
		};
		1160E6042AB9FCBF0037634F /* QuestionnaireCell */ = {
			isa = PBXGroup;
			children = (
				11CFABFD2AB75B9F009E1716 /* QuestionnaireCell.swift */,
				1160E6012AB82FE80037634F /* QuestionnaireCellStatus.swift */,
			);
			path = QuestionnaireCell;
			sourceTree = "<group>";
		};
		1160E6072ABA00DB0037634F /* Subviews */ = {
			isa = PBXGroup;
			children = (
				1160E6082ABA00F60037634F /* ProfileTableCell.swift */,
			);
			path = Subviews;
			sourceTree = "<group>";
		};
		1160E60C2ABA0A7E0037634F /* Program */ = {
			isa = PBXGroup;
			children = (
				1160E60D2ABA0A920037634F /* Factory */,
				1160E6112ABA0A920037634F /* Model */,
				1160E60F2ABA0A920037634F /* View */,
				1160E6122ABA0A920037634F /* ViewModel */,
			);
			path = Program;
			sourceTree = "<group>";
		};
		1160E60D2ABA0A920037634F /* Factory */ = {
			isa = PBXGroup;
			children = (
				1160E60E2ABA0A920037634F /* ProgramFactory.swift */,
			);
			path = Factory;
			sourceTree = "<group>";
		};
		1160E60F2ABA0A920037634F /* View */ = {
			isa = PBXGroup;
			children = (
				11C200352ABB605300B7A0C9 /* Subviews */,
				1160E6102ABA0A920037634F /* ProgramViewController.swift */,
			);
			path = View;
			sourceTree = "<group>";
		};
		1160E6112ABA0A920037634F /* Model */ = {
			isa = PBXGroup;
			children = (
				11C200382ABB613200B7A0C9 /* SegmentCellModelModel.swift */,
				11C2003F2ABB632400B7A0C9 /* ProgramSectionModel.swift */,
				11C200452ABB76DA00B7A0C9 /* MyProgrammCellModel.swift */,
				11C2004B2ABB7DE000B7A0C9 /* SubprogramViewModel.swift */,
				11C2004D2ABB7F1600B7A0C9 /* AllProgramCellModel.swift */,
			);
			path = Model;
			sourceTree = "<group>";
		};
		1160E6122ABA0A920037634F /* ViewModel */ = {
			isa = PBXGroup;
			children = (
				1160E6132ABA0A920037634F /* ProgramViewModel.swift */,
			);
			path = ViewModel;
			sourceTree = "<group>";
		};
		11C200352ABB605300B7A0C9 /* Subviews */ = {
			isa = PBXGroup;
			children = (
				11C200362ABB606300B7A0C9 /* SegmentCell.swift */,
				11C200412ABB6CB500B7A0C9 /* DescriptionCell.swift */,
				11C200432ABB727800B7A0C9 /* MyProgramCell.swift */,
				11C200472ABB7A2700B7A0C9 /* AllProgramCell.swift */,
				11C200492ABB7B0100B7A0C9 /* SubprogramView.swift */,
			);
			path = Subviews;
			sourceTree = "<group>";
		};
		11C2003C2ABB629F00B7A0C9 /* Layouts */ = {
			isa = PBXGroup;
			children = (
				11C2003D2ABB62CC00B7A0C9 /* OneItemInSectionLayout.swift */,
			);
			path = Layouts;
			sourceTree = "<group>";
		};
		11CFABE82AB58C01009E1716 /* View */ = {
			isa = PBXGroup;
			children = (
				1160E6032AB9FCA10037634F /* TableCell */,
				11CFABE92AB58C15009E1716 /* CustomTextField.swift */,
				11CFABEB2AB5960A009E1716 /* CustomTextFieldView.swift */,
			);
			path = View;
			sourceTree = "<group>";
		};
		11CFABED2AB59695009E1716 /* Helpers */ = {
			isa = PBXGroup;
			children = (
				11CFABEE2AB596B4009E1716 /* AppConstants.swift */,
				11C2003A2ABB623D00B7A0C9 /* SectionLayoutable.swift */,
			);
			path = Helpers;
			sourceTree = "<group>";
		};
		11CFABFA2AB75B64009E1716 /* Subviews */ = {
			isa = PBXGroup;
			children = (
				11CFABFB2AB75B81009E1716 /* EducationalProgrammsCell.swift */,
			);
			path = Subviews;
			sourceTree = "<group>";
		};
		608AA0B7FD648475D9893630 /* Pods */ = {
			isa = PBXGroup;
			children = (
				88B72D91019E1A5BE32AC4C0 /* Pods-abit.itmo.debug.xcconfig */,
				F5B3B30E5726784B827FFDD2 /* Pods-abit.itmo.release.xcconfig */,
			);
			path = Pods;
			sourceTree = "<group>";
		};
/* End PBXGroup section */

/* Begin PBXNativeTarget section */
		113BBCE52AB03BA500654BF8 /* abit.itmo */ = {
			isa = PBXNativeTarget;
			buildConfigurationList = 113BBCFA2AB03BAA00654BF8 /* Build configuration list for PBXNativeTarget "abit.itmo" */;
			buildPhases = (
				4C7D8C86EA6B958DC80A2F51 /* [CP] Check Pods Manifest.lock */,
				113BBCE22AB03BA500654BF8 /* Sources */,
				113BBCE32AB03BA500654BF8 /* Frameworks */,
				113BBCE42AB03BA500654BF8 /* Resources */,
				978DC7729327C411BE0893C4 /* [CP] Embed Pods Frameworks */,
			);
			buildRules = (
			);
			dependencies = (
			);
			name = abit.itmo;
			productName = abit.itmo;
			productReference = 113BBCE62AB03BA500654BF8 /* abit.itmo.app */;
			productType = "com.apple.product-type.application";
		};
/* End PBXNativeTarget section */

/* Begin PBXProject section */
		113BBCDE2AB03BA500654BF8 /* Project object */ = {
			isa = PBXProject;
			attributes = {
				BuildIndependentTargetsInParallel = 1;
				LastSwiftUpdateCheck = 1410;
				LastUpgradeCheck = 1410;
				TargetAttributes = {
					113BBCE52AB03BA500654BF8 = {
						CreatedOnToolsVersion = 14.1;
					};
				};
			};
			buildConfigurationList = 113BBCE12AB03BA500654BF8 /* Build configuration list for PBXProject "abit.itmo" */;
			compatibilityVersion = "Xcode 14.0";
			developmentRegion = en;
			hasScannedForEncodings = 0;
			knownRegions = (
				en,
				Base,
			);
			mainGroup = 113BBCDD2AB03BA500654BF8;
			productRefGroup = 113BBCE72AB03BA500654BF8 /* Products */;
			projectDirPath = "";
			projectRoot = "";
			targets = (
				113BBCE52AB03BA500654BF8 /* abit.itmo */,
			);
		};
/* End PBXProject section */

/* Begin PBXResourcesBuildPhase section */
		113BBCE42AB03BA500654BF8 /* Resources */ = {
			isa = PBXResourcesBuildPhase;
			buildActionMask = 2147483647;
			files = (
				113BBCF62AB03BAA00654BF8 /* LaunchScreen.storyboard in Resources */,
				113BBCF32AB03BAA00654BF8 /* Assets.xcassets in Resources */,
			);
			runOnlyForDeploymentPostprocessing = 0;
		};
/* End PBXResourcesBuildPhase section */

/* Begin PBXShellScriptBuildPhase section */
		4C7D8C86EA6B958DC80A2F51 /* [CP] Check Pods Manifest.lock */ = {
			isa = PBXShellScriptBuildPhase;
			buildActionMask = 2147483647;
			files = (
			);
			inputFileListPaths = (
			);
			inputPaths = (
				"${PODS_PODFILE_DIR_PATH}/Podfile.lock",
				"${PODS_ROOT}/Manifest.lock",
			);
			name = "[CP] Check Pods Manifest.lock";
			outputFileListPaths = (
			);
			outputPaths = (
				"$(DERIVED_FILE_DIR)/Pods-abit.itmo-checkManifestLockResult.txt",
			);
			runOnlyForDeploymentPostprocessing = 0;
			shellPath = /bin/sh;
			shellScript = "diff \"${PODS_PODFILE_DIR_PATH}/Podfile.lock\" \"${PODS_ROOT}/Manifest.lock\" > /dev/null\nif [ $? != 0 ] ; then\n    # print error to STDERR\n    echo \"error: The sandbox is not in sync with the Podfile.lock. Run 'pod install' or update your CocoaPods installation.\" >&2\n    exit 1\nfi\n# This output is used by Xcode 'outputs' to avoid re-running this script phase.\necho \"SUCCESS\" > \"${SCRIPT_OUTPUT_FILE_0}\"\n";
			showEnvVarsInLog = 0;
		};
		978DC7729327C411BE0893C4 /* [CP] Embed Pods Frameworks */ = {
			isa = PBXShellScriptBuildPhase;
			buildActionMask = 2147483647;
			files = (
			);
			inputFileListPaths = (
				"${PODS_ROOT}/Target Support Files/Pods-abit.itmo/Pods-abit.itmo-frameworks-${CONFIGURATION}-input-files.xcfilelist",
			);
			name = "[CP] Embed Pods Frameworks";
			outputFileListPaths = (
				"${PODS_ROOT}/Target Support Files/Pods-abit.itmo/Pods-abit.itmo-frameworks-${CONFIGURATION}-output-files.xcfilelist",
			);
			runOnlyForDeploymentPostprocessing = 0;
			shellPath = /bin/sh;
			shellScript = "\"${PODS_ROOT}/Target Support Files/Pods-abit.itmo/Pods-abit.itmo-frameworks.sh\"\n";
			showEnvVarsInLog = 0;
		};
/* End PBXShellScriptBuildPhase section */

/* Begin PBXSourcesBuildPhase section */
		113BBCE22AB03BA500654BF8 /* Sources */ = {
			isa = PBXSourcesBuildPhase;
			buildActionMask = 2147483647;
			files = (
				11C200482ABB7A2700B7A0C9 /* AllProgramCell.swift in Sources */,
				113BBD592AB0567100654BF8 /* AuthViewModel.swift in Sources */,
				11CFABF12AB59DA9009E1716 /* UITextField+extension.swift in Sources */,
				11C2003E2ABB62CC00B7A0C9 /* OneItemInSectionLayout.swift in Sources */,
				11C2004C2ABB7DE000B7A0C9 /* SubprogramViewModel.swift in Sources */,
				11CFABF92AB759E9009E1716 /* DashboardTableViewCellType.swift in Sources */,
				116B773B2AB2BCC0004A833D /* Colors.swift in Sources */,
				1160E6182ABA0B7D0037634F /* UIViewController+transitionHandler.swift in Sources */,
				11CFABF52AB753F6009E1716 /* UIColor+extension.swift in Sources */,
				113BBCEA2AB03BA500654BF8 /* AppDelegate.swift in Sources */,
				113BBD442AB0536A00654BF8 /* AppInitializer.swift in Sources */,
				11CFABEA2AB58C15009E1716 /* CustomTextField.swift in Sources */,
				113BBD492AB053BD00654BF8 /* NavigationController.swift in Sources */,
				1160E6142ABA0A920037634F /* ProgramFactory.swift in Sources */,
				1160E6162ABA0A920037634F /* ProgramViewModel.swift in Sources */,
				113BBCEC2AB03BA500654BF8 /* SceneDelegate.swift in Sources */,
				113BBD4E2AB0543F00654BF8 /* UIWindow+extensions.swift in Sources */,
				113BBD742AB0C24500654BF8 /* ListFactory.swift in Sources */,
				113BBD752AB0C24500654BF8 /* ListViewModel.swift in Sources */,
				113BBD462AB0537F00654BF8 /* GlobalRouter.swift in Sources */,
				1160E6152ABA0A920037634F /* ProgramViewController.swift in Sources */,
				1160E6092ABA00F60037634F /* ProfileTableCell.swift in Sources */,
				11CFABEC2AB5960A009E1716 /* CustomTextFieldView.swift in Sources */,
				11CFABFE2AB75B9F009E1716 /* QuestionnaireCell.swift in Sources */,
				11C200442ABB727800B7A0C9 /* MyProgramCell.swift in Sources */,
				113BBD6C2AB0C23A00654BF8 /* DashboardViewController.swift in Sources */,
				113BBD5C2AB0BF1600654BF8 /* TabBarObject.swift in Sources */,
				113BBD552AB0552300654BF8 /* AuthFactory.swift in Sources */,
				113BBD7F2AB0C24D00654BF8 /* ProfileViewController.swift in Sources */,
				11CFABF32AB5A47B009E1716 /* String+extension.swift in Sources */,
				113BBD5E2AB0BFE500654BF8 /* TabBarController.swift in Sources */,
				113BBD6B2AB0C23A00654BF8 /* DashboardViewModel.swift in Sources */,
				11C200422ABB6CB500B7A0C9 /* DescriptionCell.swift in Sources */,
				113BBD7E2AB0C24D00654BF8 /* ProfileFactory.swift in Sources */,
				11C200402ABB632400B7A0C9 /* ProgramSectionModel.swift in Sources */,
				11C200372ABB606300B7A0C9 /* SegmentCell.swift in Sources */,
				11CFABEF2AB596B4009E1716 /* AppConstants.swift in Sources */,
				11C2003B2ABB623D00B7A0C9 /* SectionLayoutable.swift in Sources */,
				1160E6062AB9FD960037634F /* ProfileTableViewCellType.swift in Sources */,
				113BBD572AB0555900654BF8 /* AuthViewController.swift in Sources */,
				113BBD802AB0C24D00654BF8 /* ProfileViewModel.swift in Sources */,
				11C2004E2ABB7F1600B7A0C9 /* AllProgramCellModel.swift in Sources */,
				11CFAC002AB76355009E1716 /* UIImage+extension.swift in Sources */,
				11C2004A2ABB7B0100B7A0C9 /* SubprogramView.swift in Sources */,
				11CFABFC2AB75B81009E1716 /* EducationalProgrammsCell.swift in Sources */,
				11C200462ABB76DA00B7A0C9 /* MyProgrammCellModel.swift in Sources */,
				11C200392ABB613200B7A0C9 /* SegmentCellModelModel.swift in Sources */,
				113BBD6A2AB0C23A00654BF8 /* DashboardFactory.swift in Sources */,
				113BBD762AB0C24500654BF8 /* ListViewController.swift in Sources */,
				113BBD4C2AB053E800654BF8 /* CALayer+extension.swift in Sources */,
				1160E6022AB82FE80037634F /* QuestionnaireCellStatus.swift in Sources */,
			);
			runOnlyForDeploymentPostprocessing = 0;
		};
/* End PBXSourcesBuildPhase section */

/* Begin PBXVariantGroup section */
		113BBCF42AB03BAA00654BF8 /* LaunchScreen.storyboard */ = {
			isa = PBXVariantGroup;
			children = (
				113BBCF52AB03BAA00654BF8 /* Base */,
			);
			name = LaunchScreen.storyboard;
			sourceTree = "<group>";
		};
/* End PBXVariantGroup section */

/* Begin XCBuildConfiguration section */
		113BBCF82AB03BAA00654BF8 /* Debug */ = {
			isa = XCBuildConfiguration;
			buildSettings = {
				ALWAYS_SEARCH_USER_PATHS = NO;
				CLANG_ANALYZER_NONNULL = YES;
				CLANG_ANALYZER_NUMBER_OBJECT_CONVERSION = YES_AGGRESSIVE;
				CLANG_CXX_LANGUAGE_STANDARD = "gnu++20";
				CLANG_ENABLE_MODULES = YES;
				CLANG_ENABLE_OBJC_ARC = YES;
				CLANG_ENABLE_OBJC_WEAK = YES;
				CLANG_WARN_BLOCK_CAPTURE_AUTORELEASING = YES;
				CLANG_WARN_BOOL_CONVERSION = YES;
				CLANG_WARN_COMMA = YES;
				CLANG_WARN_CONSTANT_CONVERSION = YES;
				CLANG_WARN_DEPRECATED_OBJC_IMPLEMENTATIONS = YES;
				CLANG_WARN_DIRECT_OBJC_ISA_USAGE = YES_ERROR;
				CLANG_WARN_DOCUMENTATION_COMMENTS = YES;
				CLANG_WARN_EMPTY_BODY = YES;
				CLANG_WARN_ENUM_CONVERSION = YES;
				CLANG_WARN_INFINITE_RECURSION = YES;
				CLANG_WARN_INT_CONVERSION = YES;
				CLANG_WARN_NON_LITERAL_NULL_CONVERSION = YES;
				CLANG_WARN_OBJC_IMPLICIT_RETAIN_SELF = YES;
				CLANG_WARN_OBJC_LITERAL_CONVERSION = YES;
				CLANG_WARN_OBJC_ROOT_CLASS = YES_ERROR;
				CLANG_WARN_QUOTED_INCLUDE_IN_FRAMEWORK_HEADER = YES;
				CLANG_WARN_RANGE_LOOP_ANALYSIS = YES;
				CLANG_WARN_STRICT_PROTOTYPES = YES;
				CLANG_WARN_SUSPICIOUS_MOVE = YES;
				CLANG_WARN_UNGUARDED_AVAILABILITY = YES_AGGRESSIVE;
				CLANG_WARN_UNREACHABLE_CODE = YES;
				CLANG_WARN__DUPLICATE_METHOD_MATCH = YES;
				COPY_PHASE_STRIP = NO;
				DEBUG_INFORMATION_FORMAT = dwarf;
				ENABLE_STRICT_OBJC_MSGSEND = YES;
				ENABLE_TESTABILITY = YES;
				GCC_C_LANGUAGE_STANDARD = gnu11;
				GCC_DYNAMIC_NO_PIC = NO;
				GCC_NO_COMMON_BLOCKS = YES;
				GCC_OPTIMIZATION_LEVEL = 0;
				GCC_PREPROCESSOR_DEFINITIONS = (
					"DEBUG=1",
					"$(inherited)",
				);
				GCC_WARN_64_TO_32_BIT_CONVERSION = YES;
				GCC_WARN_ABOUT_RETURN_TYPE = YES_ERROR;
				GCC_WARN_UNDECLARED_SELECTOR = YES;
				GCC_WARN_UNINITIALIZED_AUTOS = YES_AGGRESSIVE;
				GCC_WARN_UNUSED_FUNCTION = YES;
				GCC_WARN_UNUSED_VARIABLE = YES;
				IPHONEOS_DEPLOYMENT_TARGET = 15.0;
				MTL_ENABLE_DEBUG_INFO = INCLUDE_SOURCE;
				MTL_FAST_MATH = YES;
				ONLY_ACTIVE_ARCH = YES;
				SDKROOT = iphoneos;
				SWIFT_ACTIVE_COMPILATION_CONDITIONS = DEBUG;
				SWIFT_OPTIMIZATION_LEVEL = "-Onone";
			};
			name = Debug;
		};
		113BBCF92AB03BAA00654BF8 /* Release */ = {
			isa = XCBuildConfiguration;
			buildSettings = {
				ALWAYS_SEARCH_USER_PATHS = NO;
				CLANG_ANALYZER_NONNULL = YES;
				CLANG_ANALYZER_NUMBER_OBJECT_CONVERSION = YES_AGGRESSIVE;
				CLANG_CXX_LANGUAGE_STANDARD = "gnu++20";
				CLANG_ENABLE_MODULES = YES;
				CLANG_ENABLE_OBJC_ARC = YES;
				CLANG_ENABLE_OBJC_WEAK = YES;
				CLANG_WARN_BLOCK_CAPTURE_AUTORELEASING = YES;
				CLANG_WARN_BOOL_CONVERSION = YES;
				CLANG_WARN_COMMA = YES;
				CLANG_WARN_CONSTANT_CONVERSION = YES;
				CLANG_WARN_DEPRECATED_OBJC_IMPLEMENTATIONS = YES;
				CLANG_WARN_DIRECT_OBJC_ISA_USAGE = YES_ERROR;
				CLANG_WARN_DOCUMENTATION_COMMENTS = YES;
				CLANG_WARN_EMPTY_BODY = YES;
				CLANG_WARN_ENUM_CONVERSION = YES;
				CLANG_WARN_INFINITE_RECURSION = YES;
				CLANG_WARN_INT_CONVERSION = YES;
				CLANG_WARN_NON_LITERAL_NULL_CONVERSION = YES;
				CLANG_WARN_OBJC_IMPLICIT_RETAIN_SELF = YES;
				CLANG_WARN_OBJC_LITERAL_CONVERSION = YES;
				CLANG_WARN_OBJC_ROOT_CLASS = YES_ERROR;
				CLANG_WARN_QUOTED_INCLUDE_IN_FRAMEWORK_HEADER = YES;
				CLANG_WARN_RANGE_LOOP_ANALYSIS = YES;
				CLANG_WARN_STRICT_PROTOTYPES = YES;
				CLANG_WARN_SUSPICIOUS_MOVE = YES;
				CLANG_WARN_UNGUARDED_AVAILABILITY = YES_AGGRESSIVE;
				CLANG_WARN_UNREACHABLE_CODE = YES;
				CLANG_WARN__DUPLICATE_METHOD_MATCH = YES;
				COPY_PHASE_STRIP = NO;
				DEBUG_INFORMATION_FORMAT = "dwarf-with-dsym";
				ENABLE_NS_ASSERTIONS = NO;
				ENABLE_STRICT_OBJC_MSGSEND = YES;
				GCC_C_LANGUAGE_STANDARD = gnu11;
				GCC_NO_COMMON_BLOCKS = YES;
				GCC_WARN_64_TO_32_BIT_CONVERSION = YES;
				GCC_WARN_ABOUT_RETURN_TYPE = YES_ERROR;
				GCC_WARN_UNDECLARED_SELECTOR = YES;
				GCC_WARN_UNINITIALIZED_AUTOS = YES_AGGRESSIVE;
				GCC_WARN_UNUSED_FUNCTION = YES;
				GCC_WARN_UNUSED_VARIABLE = YES;
				IPHONEOS_DEPLOYMENT_TARGET = 15.0;
				MTL_ENABLE_DEBUG_INFO = NO;
				MTL_FAST_MATH = YES;
				SDKROOT = iphoneos;
				SWIFT_COMPILATION_MODE = wholemodule;
				SWIFT_OPTIMIZATION_LEVEL = "-O";
				VALIDATE_PRODUCT = YES;
			};
			name = Release;
		};
		113BBCFB2AB03BAA00654BF8 /* Debug */ = {
			isa = XCBuildConfiguration;
			baseConfigurationReference = 88B72D91019E1A5BE32AC4C0 /* Pods-abit.itmo.debug.xcconfig */;
			buildSettings = {
				ASSETCATALOG_COMPILER_APPICON_NAME = AppIcon;
				ASSETCATALOG_COMPILER_GLOBAL_ACCENT_COLOR_NAME = AccentColor;
				CODE_SIGN_STYLE = Automatic;
				CURRENT_PROJECT_VERSION = 1;
				GENERATE_INFOPLIST_FILE = YES;
				INFOPLIST_FILE = "abit.itmo/Supporting+files/Info.plist";
				INFOPLIST_KEY_UIApplicationSupportsIndirectInputEvents = YES;
				INFOPLIST_KEY_UILaunchStoryboardName = LaunchScreen;
				INFOPLIST_KEY_UIStatusBarStyle = UIStatusBarStyleLightContent;
				INFOPLIST_KEY_UISupportedInterfaceOrientations_iPad = "UIInterfaceOrientationPortrait UIInterfaceOrientationPortraitUpsideDown UIInterfaceOrientationLandscapeLeft UIInterfaceOrientationLandscapeRight";
				INFOPLIST_KEY_UISupportedInterfaceOrientations_iPhone = "UIInterfaceOrientationPortrait UIInterfaceOrientationLandscapeLeft UIInterfaceOrientationLandscapeRight";
				LD_RUNPATH_SEARCH_PATHS = (
					"$(inherited)",
					"@executable_path/Frameworks",
				);
				MARKETING_VERSION = 1.0;
				PRODUCT_BUNDLE_IDENTIFIER = "q.abit-itmo";
				PRODUCT_NAME = "$(TARGET_NAME)";
				SWIFT_EMIT_LOC_STRINGS = YES;
				SWIFT_VERSION = 5.0;
				TARGETED_DEVICE_FAMILY = "1,2";
			};
			name = Debug;
		};
		113BBCFC2AB03BAA00654BF8 /* Release */ = {
			isa = XCBuildConfiguration;
			baseConfigurationReference = F5B3B30E5726784B827FFDD2 /* Pods-abit.itmo.release.xcconfig */;
			buildSettings = {
				ASSETCATALOG_COMPILER_APPICON_NAME = AppIcon;
				ASSETCATALOG_COMPILER_GLOBAL_ACCENT_COLOR_NAME = AccentColor;
				CODE_SIGN_STYLE = Automatic;
				CURRENT_PROJECT_VERSION = 1;
				GENERATE_INFOPLIST_FILE = YES;
				INFOPLIST_FILE = "abit.itmo/Supporting+files/Info.plist";
				INFOPLIST_KEY_UIApplicationSupportsIndirectInputEvents = YES;
				INFOPLIST_KEY_UILaunchStoryboardName = LaunchScreen;
				INFOPLIST_KEY_UIStatusBarStyle = UIStatusBarStyleLightContent;
				INFOPLIST_KEY_UISupportedInterfaceOrientations_iPad = "UIInterfaceOrientationPortrait UIInterfaceOrientationPortraitUpsideDown UIInterfaceOrientationLandscapeLeft UIInterfaceOrientationLandscapeRight";
				INFOPLIST_KEY_UISupportedInterfaceOrientations_iPhone = "UIInterfaceOrientationPortrait UIInterfaceOrientationLandscapeLeft UIInterfaceOrientationLandscapeRight";
				LD_RUNPATH_SEARCH_PATHS = (
					"$(inherited)",
					"@executable_path/Frameworks",
				);
				MARKETING_VERSION = 1.0;
				PRODUCT_BUNDLE_IDENTIFIER = "q.abit-itmo";
				PRODUCT_NAME = "$(TARGET_NAME)";
				SWIFT_EMIT_LOC_STRINGS = YES;
				SWIFT_VERSION = 5.0;
				TARGETED_DEVICE_FAMILY = "1,2";
			};
			name = Release;
		};
/* End XCBuildConfiguration section */

/* Begin XCConfigurationList section */
		113BBCE12AB03BA500654BF8 /* Build configuration list for PBXProject "abit.itmo" */ = {
			isa = XCConfigurationList;
			buildConfigurations = (
				113BBCF82AB03BAA00654BF8 /* Debug */,
				113BBCF92AB03BAA00654BF8 /* Release */,
			);
			defaultConfigurationIsVisible = 0;
			defaultConfigurationName = Release;
		};
		113BBCFA2AB03BAA00654BF8 /* Build configuration list for PBXNativeTarget "abit.itmo" */ = {
			isa = XCConfigurationList;
			buildConfigurations = (
				113BBCFB2AB03BAA00654BF8 /* Debug */,
				113BBCFC2AB03BAA00654BF8 /* Release */,
			);
			defaultConfigurationIsVisible = 0;
			defaultConfigurationName = Release;
		};
/* End XCConfigurationList section */
	};
	rootObject = 113BBCDE2AB03BA500654BF8 /* Project object */;
}
